
Microsoft Visual Studio Solution File, Format Version 12.00
# Visual Studio 15
VisualStudioVersion = 15.0.28307.1622
MinimumVisualStudioVersion = 10.0.40219.1
Project("{FAE04EC0-301F-11D3-BF4B-00C04F79EFBC}") = "Kushak", "Kushak\Kushak.csproj", "{D09DE5E9-F224-4B74-9589-69F9AB7C3B26}"
EndProject
Global
	GlobalSection(SolutionConfigurationPlatforms) = preSolution
		Debug|Any CPU = Debug|Any CPU
		Release|Any CPU = Release|Any CPU
	EndGlobalSection
	GlobalSection(ProjectConfigurationPlatforms) = postSolution
		{D09DE5E9-F224-4B74-9589-69F9AB7C3B26}.Debug|Any CPU.ActiveCfg = Debug|Any CPU
		{D09DE5E9-F224-4B74-9589-69F9AB7C3B26}.Debug|Any CPU.Build.0 = Debug|Any CPU
		{D09DE5E9-F224-4B74-9589-69F9AB7C3B26}.Release|Any CPU.ActiveCfg = Release|Any CPU
		{D09DE5E9-F224-4B74-9589-69F9AB7C3B26}.Release|Any CPU.Build.0 = Release|Any CPU
	EndGlobalSection
	GlobalSection(SolutionProperties) = preSolution
		HideSolutionNode = FALSE
	EndGlobalSection
	GlobalSection(ExtensibilityGlobals) = postSolution
		SolutionGuid = {A005DE0E-248E-4E79-80F3-6DA5B83C22CD}
	EndGlobalSection
EndGlobal
